
Microsoft Visual Studio Solution File, Format Version 12.00
# Visual Studio Version 16
VisualStudioVersion = 16.0.31205.134
MinimumVisualStudioVersion = 10.0.40219.1
Project("{FAE04EC0-301F-11D3-BF4B-00C04F79EFBC}") = "Encyclopedia_Of_Laws", "Encyclopedia_Of_Laws.csproj", "{B117AED1-AB00-4A09-A5DE-0C43B14AFE2C}"
EndProject
Global
	GlobalSection(SolutionConfigurationPlatforms) = preSolution
		Debug|Any CPU = Debug|Any CPU
		Release|Any CPU = Release|Any CPU
	EndGlobalSection
	GlobalSection(ProjectConfigurationPlatforms) = postSolution
		{B117AED1-AB00-4A09-A5DE-0C43B14AFE2C}.Debug|Any CPU.ActiveCfg = Debug|Any CPU
		{B117AED1-AB00-4A09-A5DE-0C43B14AFE2C}.Debug|Any CPU.Build.0 = Debug|Any CPU
		{B117AED1-AB00-4A09-A5DE-0C43B14AFE2C}.Release|Any CPU.ActiveCfg = Release|Any CPU
		{B117AED1-AB00-4A09-A5DE-0C43B14AFE2C}.Release|Any CPU.Build.0 = Release|Any CPU
	EndGlobalSection
	GlobalSection(SolutionProperties) = preSolution
		HideSolutionNode = FALSE
	EndGlobalSection
	GlobalSection(ExtensibilityGlobals) = postSolution
		SolutionGuid = {A567E304-347C-42D1-BD26-FAE8931350B9}
	EndGlobalSection
EndGlobal
